
Microsoft Visual Studio Solution File, Format Version 12.00
# Visual Studio Version 17
VisualStudioVersion = 17.6.33815.320
MinimumVisualStudioVersion = 10.0.40219.1
Project("{E24C65DC-7377-472B-9ABA-BC803B73C61A}") = "virtuousdiam", ".", "{34C9CFCC-537B-455C-8758-FEBBC74B51DC}"
	ProjectSection(WebsiteProperties) = preProject
		TargetFrameworkMoniker = ".NETFramework,Version%3Dv4.7.2"
		Debug.AspNetCompiler.VirtualPath = "/localhost_49684"
		Debug.AspNetCompiler.PhysicalPath = "..\virtuousdiam\"
		Debug.AspNetCompiler.TargetPath = "PrecompiledWeb\localhost_49684\"
		Debug.AspNetCompiler.Updateable = "true"
		Debug.AspNetCompiler.ForceOverwrite = "true"
		Debug.AspNetCompiler.FixedNames = "false"
		Debug.AspNetCompiler.Debug = "True"
		Release.AspNetCompiler.VirtualPath = "/localhost_49684"
		Release.AspNetCompiler.PhysicalPath = "..\virtuousdiam\"
		Release.AspNetCompiler.TargetPath = "PrecompiledWeb\localhost_49684\"
		Release.AspNetCompiler.Updateable = "true"
		Release.AspNetCompiler.ForceOverwrite = "true"
		Release.AspNetCompiler.FixedNames = "false"
		Release.AspNetCompiler.Debug = "False"
		VWDPort = "49684"
		SlnRelativePath = "..\virtuousdiam\"
		DefaultWebSiteLanguage = "Visual Basic"
	EndProjectSection
EndProject
Global
	GlobalSection(SolutionConfigurationPlatforms) = preSolution
		Debug|Any CPU = Debug|Any CPU
	EndGlobalSection
	GlobalSection(ProjectConfigurationPlatforms) = postSolution
		{34C9CFCC-537B-455C-8758-FEBBC74B51DC}.Debug|Any CPU.ActiveCfg = Debug|Any CPU
		{34C9CFCC-537B-455C-8758-FEBBC74B51DC}.Debug|Any CPU.Build.0 = Debug|Any CPU
	EndGlobalSection
	GlobalSection(SolutionProperties) = preSolution
		HideSolutionNode = FALSE
	EndGlobalSection
	GlobalSection(ExtensibilityGlobals) = postSolution
		SolutionGuid = {138A2A7D-3CD5-4D17-8DD0-85CA9A97E46D}
	EndGlobalSection
EndGlobal
